
Microsoft Visual Studio Solution File, Format Version 12.00
# Visual Studio Version 16
VisualStudioVersion = 16.0.30011.22
MinimumVisualStudioVersion = 10.0.40219.1
Project("{9A19103F-16F7-4668-BE54-9A1E7A4F7556}") = "OA.Domain", "OA.Domain\OA.Domain.csproj", "{A646E90A-617B-412E-972A-02E05586E20C}"
EndProject
Project("{9A19103F-16F7-4668-BE54-9A1E7A4F7556}") = "OA.Repository", "OA.Repository\OA.Repository.csproj", "{E185FF5A-5E88-482C-AC0E-11BFDA5188F9}"
EndProject
Project("{9A19103F-16F7-4668-BE54-9A1E7A4F7556}") = "OA.Service", "OA.Service\OA.Service.csproj", "{C5CD8612-1158-4080-AF7F-7D5F6DC5171B}"
EndProject
Project("{FAE04EC0-301F-11D3-BF4B-00C04F79EFBC}") = "OA.WebAPI", "OA.WebAPI\OA.WebAPI.csproj", "{EBA1770A-BE7D-423D-A4E7-F0B4BE1A82B2}"
EndProject
Global
	GlobalSection(SolutionConfigurationPlatforms) = preSolution
		Debug|Any CPU = Debug|Any CPU
		Release|Any CPU = Release|Any CPU
	EndGlobalSection
	GlobalSection(ProjectConfigurationPlatforms) = postSolution
		{A646E90A-617B-412E-972A-02E05586E20C}.Debug|Any CPU.ActiveCfg = Debug|Any CPU
		{A646E90A-617B-412E-972A-02E05586E20C}.Debug|Any CPU.Build.0 = Debug|Any CPU
		{A646E90A-617B-412E-972A-02E05586E20C}.Release|Any CPU.ActiveCfg = Release|Any CPU
		{A646E90A-617B-412E-972A-02E05586E20C}.Release|Any CPU.Build.0 = Release|Any CPU
		{E185FF5A-5E88-482C-AC0E-11BFDA5188F9}.Debug|Any CPU.ActiveCfg = Debug|Any CPU
		{E185FF5A-5E88-482C-AC0E-11BFDA5188F9}.Debug|Any CPU.Build.0 = Debug|Any CPU
		{E185FF5A-5E88-482C-AC0E-11BFDA5188F9}.Release|Any CPU.ActiveCfg = Release|Any CPU
		{E185FF5A-5E88-482C-AC0E-11BFDA5188F9}.Release|Any CPU.Build.0 = Release|Any CPU
		{C5CD8612-1158-4080-AF7F-7D5F6DC5171B}.Debug|Any CPU.ActiveCfg = Debug|Any CPU
		{C5CD8612-1158-4080-AF7F-7D5F6DC5171B}.Debug|Any CPU.Build.0 = Debug|Any CPU
		{C5CD8612-1158-4080-AF7F-7D5F6DC5171B}.Release|Any CPU.ActiveCfg = Release|Any CPU
		{C5CD8612-1158-4080-AF7F-7D5F6DC5171B}.Release|Any CPU.Build.0 = Release|Any CPU
		{EBA1770A-BE7D-423D-A4E7-F0B4BE1A82B2}.Debug|Any CPU.ActiveCfg = Debug|Any CPU
		{EBA1770A-BE7D-423D-A4E7-F0B4BE1A82B2}.Debug|Any CPU.Build.0 = Debug|Any CPU
		{EBA1770A-BE7D-423D-A4E7-F0B4BE1A82B2}.Release|Any CPU.ActiveCfg = Release|Any CPU
		{EBA1770A-BE7D-423D-A4E7-F0B4BE1A82B2}.Release|Any CPU.Build.0 = Release|Any CPU
	EndGlobalSection
	GlobalSection(SolutionProperties) = preSolution
		HideSolutionNode = FALSE
	EndGlobalSection
	GlobalSection(ExtensibilityGlobals) = postSolution
		SolutionGuid = {744A7078-A7BF-4604-91C6-59DD21A9951A}
	EndGlobalSection
EndGlobal
